
Microsoft Visual Studio Solution File, Format Version 12.00
# Visual Studio Version 17
VisualStudioVersion = 17.5.002.0
MinimumVisualStudioVersion = 10.0.40219.1
Project("{9A19103F-16F7-4668-BE54-9A1E7A4F7556}") = "Freelancer", "Freelancer.csproj", "{B153F8C2-1D13-4148-A72C-A83C504CBAEE}"
EndProject
Global
	GlobalSection(SolutionConfigurationPlatforms) = preSolution
		Debug|Any CPU = Debug|Any CPU
		Release|Any CPU = Release|Any CPU
	EndGlobalSection
	GlobalSection(ProjectConfigurationPlatforms) = postSolution
		{B153F8C2-1D13-4148-A72C-A83C504CBAEE}.Debug|Any CPU.ActiveCfg = Debug|Any CPU
		{B153F8C2-1D13-4148-A72C-A83C504CBAEE}.Debug|Any CPU.Build.0 = Debug|Any CPU
		{B153F8C2-1D13-4148-A72C-A83C504CBAEE}.Release|Any CPU.ActiveCfg = Release|Any CPU
		{B153F8C2-1D13-4148-A72C-A83C504CBAEE}.Release|Any CPU.Build.0 = Release|Any CPU
	EndGlobalSection
	GlobalSection(SolutionProperties) = preSolution
		HideSolutionNode = FALSE
	EndGlobalSection
	GlobalSection(ExtensibilityGlobals) = postSolution
		SolutionGuid = {55C43485-37E7-46CE-9103-3E016A55FA10}
	EndGlobalSection
EndGlobal
